// !$*UTF8*$!
{
	archiveVersion = 1;
	classes = {
	};
	objectVersion = 50;
	objects = {

/* Begin PBXBuildFile section */
		1292288F235B0E9A0035DFFB /* AppDelegate.swift in Sources */ = {isa = PBXBuildFile; fileRef = 1292288E235B0E9A0035DFFB /* AppDelegate.swift */; };
		12922891235B0E9A0035DFFB /* SceneDelegate.swift in Sources */ = {isa = PBXBuildFile; fileRef = 12922890235B0E9A0035DFFB /* SceneDelegate.swift */; };
		12922893235B0E9A0035DFFB /* ViewController.swift in Sources */ = {isa = PBXBuildFile; fileRef = 12922892235B0E9A0035DFFB /* ViewController.swift */; };
		12922896235B0E9A0035DFFB /* Main.storyboard in Resources */ = {isa = PBXBuildFile; fileRef = 12922894235B0E9A0035DFFB /* Main.storyboard */; };
		12922898235B0E9B0035DFFB /* Assets.xcassets in Resources */ = {isa = PBXBuildFile; fileRef = 12922897235B0E9B0035DFFB /* Assets.xcassets */; };
		1292289B235B0E9B0035DFFB /* LaunchScreen.storyboard in Resources */ = {isa = PBXBuildFile; fileRef = 12922899235B0E9B0035DFFB /* LaunchScreen.storyboard */; };
		129228A3235B501A0035DFFB /* Concentration.swift in Sources */ = {isa = PBXBuildFile; fileRef = 129228A2235B501A0035DFFB /* Concentration.swift */; };
		129228A5235B51520035DFFB /* Card.swift in Sources */ = {isa = PBXBuildFile; fileRef = 129228A4235B51520035DFFB /* Card.swift */; };
		129228AE235C88310035DFFB /* Int+Numbers.swift in Sources */ = {isa = PBXBuildFile; fileRef = 129228AD235C88310035DFFB /* Int+Numbers.swift */; };
		129228B0235C88B30035DFFB /* Configuration.swift in Sources */ = {isa = PBXBuildFile; fileRef = 129228AF235C88B30035DFFB /* Configuration.swift */; };
		129228B2235C8A4D0035DFFB /* Themes.swift in Sources */ = {isa = PBXBuildFile; fileRef = 129228B1235C8A4D0035DFFB /* Themes.swift */; };
/* End PBXBuildFile section */

/* Begin PBXFileReference section */
		1292288B235B0E9A0035DFFB /* Concentration.app */ = {isa = PBXFileReference; explicitFileType = wrapper.application; includeInIndex = 0; path = Concentration.app; sourceTree = BUILT_PRODUCTS_DIR; };
		1292288E235B0E9A0035DFFB /* AppDelegate.swift */ = {isa = PBXFileReference; lastKnownFileType = sourcecode.swift; path = AppDelegate.swift; sourceTree = "<group>"; };
		12922890235B0E9A0035DFFB /* SceneDelegate.swift */ = {isa = PBXFileReference; lastKnownFileType = sourcecode.swift; path = SceneDelegate.swift; sourceTree = "<group>"; };
		12922892235B0E9A0035DFFB /* ViewController.swift */ = {isa = PBXFileReference; lastKnownFileType = sourcecode.swift; path = ViewController.swift; sourceTree = "<group>"; };
		12922895235B0E9A0035DFFB /* Base */ = {isa = PBXFileReference; lastKnownFileType = file.storyboard; name = Base; path = Base.lproj/Main.storyboard; sourceTree = "<group>"; };
		12922897235B0E9B0035DFFB /* Assets.xcassets */ = {isa = PBXFileReference; lastKnownFileType = folder.assetcatalog; path = Assets.xcassets; sourceTree = "<group>"; };
		1292289A235B0E9B0035DFFB /* Base */ = {isa = PBXFileReference; lastKnownFileType = file.storyboard; name = Base; path = Base.lproj/LaunchScreen.storyboard; sourceTree = "<group>"; };
		1292289C235B0E9B0035DFFB /* Info.plist */ = {isa = PBXFileReference; lastKnownFileType = text.plist.xml; path = Info.plist; sourceTree = "<group>"; };
		129228A2235B501A0035DFFB /* Concentration.swift */ = {isa = PBXFileReference; lastKnownFileType = sourcecode.swift; path = Concentration.swift; sourceTree = "<group>"; };
		129228A4235B51520035DFFB /* Card.swift */ = {isa = PBXFileReference; lastKnownFileType = sourcecode.swift; path = Card.swift; sourceTree = "<group>"; };
		129228AD235C88310035DFFB /* Int+Numbers.swift */ = {isa = PBXFileReference; lastKnownFileType = sourcecode.swift; path = "Int+Numbers.swift"; sourceTree = "<group>"; };
		129228AF235C88B30035DFFB /* Configuration.swift */ = {isa = PBXFileReference; lastKnownFileType = sourcecode.swift; path = Configuration.swift; sourceTree = "<group>"; };
		129228B1235C8A4D0035DFFB /* Themes.swift */ = {isa = PBXFileReference; lastKnownFileType = sourcecode.swift; path = Themes.swift; sourceTree = "<group>"; };
/* End PBXFileReference section */

/* Begin PBXFrameworksBuildPhase section */
		12922888235B0E9A0035DFFB /* Frameworks */ = {
			isa = PBXFrameworksBuildPhase;
			buildActionMask = 2147483647;
			files = (
			);
			runOnlyForDeploymentPostprocessing = 0;
		};
/* End PBXFrameworksBuildPhase section */

/* Begin PBXGroup section */
		12922882235B0E9A0035DFFB = {
			isa = PBXGroup;
			children = (
				1292288D235B0E9A0035DFFB /* Concentration */,
				1292288C235B0E9A0035DFFB /* Products */,
			);
			sourceTree = "<group>";
		};
		1292288C235B0E9A0035DFFB /* Products */ = {
			isa = PBXGroup;
			children = (
				1292288B235B0E9A0035DFFB /* Concentration.app */,
			);
			name = Products;
			sourceTree = "<group>";
		};
		1292288D235B0E9A0035DFFB /* Concentration */ = {
			isa = PBXGroup;
			children = (
				129228AC235C880F0035DFFB /* Extensions */,
				1292288E235B0E9A0035DFFB /* AppDelegate.swift */,
				12922890235B0E9A0035DFFB /* SceneDelegate.swift */,
				12922892235B0E9A0035DFFB /* ViewController.swift */,
				12922894235B0E9A0035DFFB /* Main.storyboard */,
				12922897235B0E9B0035DFFB /* Assets.xcassets */,
				12922899235B0E9B0035DFFB /* LaunchScreen.storyboard */,
				1292289C235B0E9B0035DFFB /* Info.plist */,
				129228A2235B501A0035DFFB /* Concentration.swift */,
				129228A4235B51520035DFFB /* Card.swift */,
				129228AF235C88B30035DFFB /* Configuration.swift */,
				129228B1235C8A4D0035DFFB /* Themes.swift */,
			);
			path = Concentration;
			sourceTree = "<group>";
		};
		129228AC235C880F0035DFFB /* Extensions */ = {
			isa = PBXGroup;
			children = (
				129228AD235C88310035DFFB /* Int+Numbers.swift */,
			);
			name = Extensions;
			sourceTree = "<group>";
		};
/* End PBXGroup section */

/* Begin PBXNativeTarget section */
		1292288A235B0E9A0035DFFB /* Concentration */ = {
			isa = PBXNativeTarget;
			buildConfigurationList = 1292289F235B0E9B0035DFFB /* Build configuration list for PBXNativeTarget "Concentration" */;
			buildPhases = (
				12922887235B0E9A0035DFFB /* Sources */,
				12922888235B0E9A0035DFFB /* Frameworks */,
				12922889235B0E9A0035DFFB /* Resources */,
			);
			buildRules = (
			);
			dependencies = (
			);
			name = Concentration;
			productName = Concentration;
			productReference = 1292288B235B0E9A0035DFFB /* Concentration.app */;
			productType = "com.apple.product-type.application";
		};
/* End PBXNativeTarget section */

/* Begin PBXProject section */
		12922883235B0E9A0035DFFB /* Project object */ = {
			isa = PBXProject;
			attributes = {
				LastSwiftUpdateCheck = 1100;
				LastUpgradeCheck = 1100;
				ORGANIZATIONNAME = "Berk Batuhan ŞAKAR";
				TargetAttributes = {
					1292288A235B0E9A0035DFFB = {
						CreatedOnToolsVersion = 11.0;
					};
				};
			};
			buildConfigurationList = 12922886235B0E9A0035DFFB /* Build configuration list for PBXProject "Concentration" */;
			compatibilityVersion = "Xcode 9.3";
			developmentRegion = en;
			hasScannedForEncodings = 0;
			knownRegions = (
				en,
				Base,
			);
			mainGroup = 12922882235B0E9A0035DFFB;
			productRefGroup = 1292288C235B0E9A0035DFFB /* Products */;
			projectDirPath = "";
			projectRoot = "";
			targets = (
				1292288A235B0E9A0035DFFB /* Concentration */,
			);
		};
/* End PBXProject section */

/* Begin PBXResourcesBuildPhase section */
		12922889235B0E9A0035DFFB /* Resources */ = {
			isa = PBXResourcesBuildPhase;
			buildActionMask = 2147483647;
			files = (
				1292289B235B0E9B0035DFFB /* LaunchScreen.storyboard in Resources */,
				12922898235B0E9B0035DFFB /* Assets.xcassets in Resources */,
				12922896235B0E9A0035DFFB /* Main.storyboard in Resources */,
			);
			runOnlyForDeploymentPostprocessing = 0;
		};
/* End PBXResourcesBuildPhase section */

/* Begin PBXSourcesBuildPhase section */
		12922887235B0E9A0035DFFB /* Sources */ = {
			isa = PBXSourcesBuildPhase;
			buildActionMask = 2147483647;
			files = (
				12922893235B0E9A0035DFFB /* ViewController.swift in Sources */,
				129228A3235B501A0035DFFB /* Concentration.swift in Sources */,
				129228B0235C88B30035DFFB /* Configuration.swift in Sources */,
				129228AE235C88310035DFFB /* Int+Numbers.swift in Sources */,
				129228A5235B51520035DFFB /* Card.swift in Sources */,
				129228B2235C8A4D0035DFFB /* Themes.swift in Sources */,
				1292288F235B0E9A0035DFFB /* AppDelegate.swift in Sources */,
				12922891235B0E9A0035DFFB /* SceneDelegate.swift in Sources */,
			);
			runOnlyForDeploymentPostprocessing = 0;
		};
/* End PBXSourcesBuildPhase section */

/* Begin PBXVariantGroup section */
		12922894235B0E9A0035DFFB /* Main.storyboard */ = {
			isa = PBXVariantGroup;
			children = (
				12922895235B0E9A0035DFFB /* Base */,
			);
			name = Main.storyboard;
			sourceTree = "<group>";
		};
		12922899235B0E9B0035DFFB /* LaunchScreen.storyboard */ = {
			isa = PBXVariantGroup;
			children = (
				1292289A235B0E9B0035DFFB /* Base */,
			);
			name = LaunchScreen.storyboard;
			sourceTree = "<group>";
		};
/* End PBXVariantGroup section */

/* Begin XCBuildConfiguration section */
		1292289D235B0E9B0035DFFB /* Debug */ = {
			isa = XCBuildConfiguration;
			buildSettings = {
				ALWAYS_SEARCH_USER_PATHS = NO;
				CLANG_ANALYZER_NONNULL = YES;
				CLANG_ANALYZER_NUMBER_OBJECT_CONVERSION = YES_AGGRESSIVE;
				CLANG_CXX_LANGUAGE_STANDARD = "gnu++14";
				CLANG_CXX_LIBRARY = "libc++";
				CLANG_ENABLE_MODULES = YES;
				CLANG_ENABLE_OBJC_ARC = YES;
				CLANG_ENABLE_OBJC_WEAK = YES;
				CLANG_WARN_BLOCK_CAPTURE_AUTORELEASING = YES;
				CLANG_WARN_BOOL_CONVERSION = YES;
				CLANG_WARN_COMMA = YES;
				CLANG_WARN_CONSTANT_CONVERSION = YES;
				CLANG_WARN_DEPRECATED_OBJC_IMPLEMENTATIONS = YES;
				CLANG_WARN_DIRECT_OBJC_ISA_USAGE = YES_ERROR;
				CLANG_WARN_DOCUMENTATION_COMMENTS = YES;
				CLANG_WARN_EMPTY_BODY = YES;
				CLANG_WARN_ENUM_CONVERSION = YES;
				CLANG_WARN_INFINITE_RECURSION = YES;
				CLANG_WARN_INT_CONVERSION = YES;
				CLANG_WARN_NON_LITERAL_NULL_CONVERSION = YES;
				CLANG_WARN_OBJC_IMPLICIT_RETAIN_SELF = YES;
				CLANG_WARN_OBJC_LITERAL_CONVERSION = YES;
				CLANG_WARN_OBJC_ROOT_CLASS = YES_ERROR;
				CLANG_WARN_RANGE_LOOP_ANALYSIS = YES;
				CLANG_WARN_STRICT_PROTOTYPES = YES;
				CLANG_WARN_SUSPICIOUS_MOVE = YES;
				CLANG_WARN_UNGUARDED_AVAILABILITY = YES_AGGRESSIVE;
				CLANG_WARN_UNREACHABLE_CODE = YES;
				CLANG_WARN__DUPLICATE_METHOD_MATCH = YES;
				COPY_PHASE_STRIP = NO;
				DEBUG_INFORMATION_FORMAT = dwarf;
				ENABLE_STRICT_OBJC_MSGSEND = YES;
				ENABLE_TESTABILITY = YES;
				GCC_C_LANGUAGE_STANDARD = gnu11;
				GCC_DYNAMIC_NO_PIC = NO;
				GCC_NO_COMMON_BLOCKS = YES;
				GCC_OPTIMIZATION_LEVEL = 0;
				GCC_PREPROCESSOR_DEFINITIONS = (
					"DEBUG=1",
					"$(inherited)",
				);
				GCC_WARN_64_TO_32_BIT_CONVERSION = YES;
				GCC_WARN_ABOUT_RETURN_TYPE = YES_ERROR;
				GCC_WARN_UNDECLARED_SELECTOR = YES;
				GCC_WARN_UNINITIALIZED_AUTOS = YES_AGGRESSIVE;
				GCC_WARN_UNUSED_FUNCTION = YES;
				GCC_WARN_UNUSED_VARIABLE = YES;
				IPHONEOS_DEPLOYMENT_TARGET = 12.0;
				MTL_ENABLE_DEBUG_INFO = INCLUDE_SOURCE;
				MTL_FAST_MATH = YES;
				ONLY_ACTIVE_ARCH = YES;
				SDKROOT = iphoneos;
				SWIFT_ACTIVE_COMPILATION_CONDITIONS = DEBUG;
				SWIFT_OPTIMIZATION_LEVEL = "-Onone";
			};
			name = Debug;
		};
		1292289E235B0E9B0035DFFB /* Release */ = {
			isa = XCBuildConfiguration;
			buildSettings = {
				ALWAYS_SEARCH_USER_PATHS = NO;
				CLANG_ANALYZER_NONNULL = YES;
				CLANG_ANALYZER_NUMBER_OBJECT_CONVERSION = YES_AGGRESSIVE;
				CLANG_CXX_LANGUAGE_STANDARD = "gnu++14";
				CLANG_CXX_LIBRARY = "libc++";
				CLANG_ENABLE_MODULES = YES;
				CLANG_ENABLE_OBJC_ARC = YES;
				CLANG_ENABLE_OBJC_WEAK = YES;
				CLANG_WARN_BLOCK_CAPTURE_AUTORELEASING = YES;
				CLANG_WARN_BOOL_CONVERSION = YES;
				CLANG_WARN_COMMA = YES;
				CLANG_WARN_CONSTANT_CONVERSION = YES;
				CLANG_WARN_DEPRECATED_OBJC_IMPLEMENTATIONS = YES;
				CLANG_WARN_DIRECT_OBJC_ISA_USAGE = YES_ERROR;
				CLANG_WARN_DOCUMENTATION_COMMENTS = YES;
				CLANG_WARN_EMPTY_BODY = YES;
				CLANG_WARN_ENUM_CONVERSION = YES;
				CLANG_WARN_INFINITE_RECURSION = YES;
				CLANG_WARN_INT_CONVERSION = YES;
				CLANG_WARN_NON_LITERAL_NULL_CONVERSION = YES;
				CLANG_WARN_OBJC_IMPLICIT_RETAIN_SELF = YES;
				CLANG_WARN_OBJC_LITERAL_CONVERSION = YES;
				CLANG_WARN_OBJC_ROOT_CLASS = YES_ERROR;
				CLANG_WARN_RANGE_LOOP_ANALYSIS = YES;
				CLANG_WARN_STRICT_PROTOTYPES = YES;
				CLANG_WARN_SUSPICIOUS_MOVE = YES;
				CLANG_WARN_UNGUARDED_AVAILABILITY = YES_AGGRESSIVE;
				CLANG_WARN_UNREACHABLE_CODE = YES;
				CLANG_WARN__DUPLICATE_METHOD_MATCH = YES;
				COPY_PHASE_STRIP = NO;
				DEBUG_INFORMATION_FORMAT = "dwarf-with-dsym";
				ENABLE_NS_ASSERTIONS = NO;
				ENABLE_STRICT_OBJC_MSGSEND = YES;
				GCC_C_LANGUAGE_STANDARD = gnu11;
				GCC_NO_COMMON_BLOCKS = YES;
				GCC_WARN_64_TO_32_BIT_CONVERSION = YES;
				GCC_WARN_ABOUT_RETURN_TYPE = YES_ERROR;
				GCC_WARN_UNDECLARED_SELECTOR = YES;
				GCC_WARN_UNINITIALIZED_AUTOS = YES_AGGRESSIVE;
				GCC_WARN_UNUSED_FUNCTION = YES;
				GCC_WARN_UNUSED_VARIABLE = YES;
				IPHONEOS_DEPLOYMENT_TARGET = 12.0;
				MTL_ENABLE_DEBUG_INFO = NO;
				MTL_FAST_MATH = YES;
				SDKROOT = iphoneos;
				SWIFT_COMPILATION_MODE = wholemodule;
				SWIFT_OPTIMIZATION_LEVEL = "-O";
				VALIDATE_PRODUCT = YES;
			};
			name = Release;
		};
		129228A0235B0E9B0035DFFB /* Debug */ = {
			isa = XCBuildConfiguration;
			buildSettings = {
				ASSETCATALOG_COMPILER_APPICON_NAME = AppIcon;
				CODE_SIGN_STYLE = Automatic;
				DEVELOPMENT_TEAM = 62MWU34Z2V;
				INFOPLIST_FILE = Concentration/Info.plist;
				LD_RUNPATH_SEARCH_PATHS = (
					"$(inherited)",
					"@executable_path/Frameworks",
				);
				PRODUCT_BUNDLE_IDENTIFIER = co.mobiluygulama.Concentration;
				PRODUCT_NAME = "$(TARGET_NAME)";
				SWIFT_VERSION = 5.0;
				TARGETED_DEVICE_FAMILY = "1,2";
			};
			name = Debug;
		};
		129228A1235B0E9B0035DFFB /* Release */ = {
			isa = XCBuildConfiguration;
			buildSettings = {
				ASSETCATALOG_COMPILER_APPICON_NAME = AppIcon;
				CODE_SIGN_STYLE = Automatic;
				DEVELOPMENT_TEAM = 62MWU34Z2V;
				INFOPLIST_FILE = Concentration/Info.plist;
				LD_RUNPATH_SEARCH_PATHS = (
					"$(inherited)",
					"@executable_path/Frameworks",
				);
				PRODUCT_BUNDLE_IDENTIFIER = co.mobiluygulama.Concentration;
				PRODUCT_NAME = "$(TARGET_NAME)";
				SWIFT_VERSION = 5.0;
				TARGETED_DEVICE_FAMILY = "1,2";
			};
			name = Release;
		};
/* End XCBuildConfiguration section */

/* Begin XCConfigurationList section */
		12922886235B0E9A0035DFFB /* Build configuration list for PBXProject "Concentration" */ = {
			isa = XCConfigurationList;
			buildConfigurations = (
				1292289D235B0E9B0035DFFB /* Debug */,
				1292289E235B0E9B0035DFFB /* Release */,
			);
			defaultConfigurationIsVisible = 0;
			defaultConfigurationName = Release;
		};
		1292289F235B0E9B0035DFFB /* Build configuration list for PBXNativeTarget "Concentration" */ = {
			isa = XCConfigurationList;
			buildConfigurations = (
				129228A0235B0E9B0035DFFB /* Debug */,
				129228A1235B0E9B0035DFFB /* Release */,
			);
			defaultConfigurationIsVisible = 0;
			defaultConfigurationName = Release;
		};
/* End XCConfigurationList section */
	};
	rootObject = 12922883235B0E9A0035DFFB /* Project object */;
}
